
Microsoft Visual Studio Solution File, Format Version 12.00
# Visual Studio Version 16
VisualStudioVersion = 16.0.29814.53
MinimumVisualStudioVersion = 10.0.40219.1
Project("{FAE04EC0-301F-11D3-BF4B-00C04F79EFBC}") = "kli.HappyNumbers", "kli.HappyNumbers.csproj", "{26D51934-EC17-4ED8-A97E-1D76E6FBD16B}"
EndProject
Global
	GlobalSection(SolutionConfigurationPlatforms) = preSolution
		Debug|Any CPU = Debug|Any CPU
		Release|Any CPU = Release|Any CPU
	EndGlobalSection
	GlobalSection(ProjectConfigurationPlatforms) = postSolution
		{26D51934-EC17-4ED8-A97E-1D76E6FBD16B}.Debug|Any CPU.ActiveCfg = Debug|Any CPU
		{26D51934-EC17-4ED8-A97E-1D76E6FBD16B}.Debug|Any CPU.Build.0 = Debug|Any CPU
		{26D51934-EC17-4ED8-A97E-1D76E6FBD16B}.Release|Any CPU.ActiveCfg = Release|Any CPU
		{26D51934-EC17-4ED8-A97E-1D76E6FBD16B}.Release|Any CPU.Build.0 = Release|Any CPU
	EndGlobalSection
	GlobalSection(SolutionProperties) = preSolution
		HideSolutionNode = FALSE
	EndGlobalSection
	GlobalSection(ExtensibilityGlobals) = postSolution
		SolutionGuid = {5A6A9975-A5CC-413D-AF85-FF5120A6661F}
	EndGlobalSection
EndGlobal
